// !$*UTF8*$!
{
	archiveVersion = 1;
	classes = {
	};
	objectVersion = 50;
	objects = {

/* Begin PBXBuildFile section */
		5A59E5B92647D89D0045365A /* AppDelegate.swift in Sources */ = {isa = PBXBuildFile; fileRef = 5A59E5B82647D89D0045365A /* AppDelegate.swift */; };
		5A59E5BB2647D89D0045365A /* SceneDelegate.swift in Sources */ = {isa = PBXBuildFile; fileRef = 5A59E5BA2647D89D0045365A /* SceneDelegate.swift */; };
		5A59E5BD2647D89D0045365A /* ViewController.swift in Sources */ = {isa = PBXBuildFile; fileRef = 5A59E5BC2647D89D0045365A /* ViewController.swift */; };
		5A59E5C02647D89D0045365A /* Main.storyboard in Resources */ = {isa = PBXBuildFile; fileRef = 5A59E5BE2647D89D0045365A /* Main.storyboard */; };
		5A59E5C22647D8A50045365A /* Assets.xcassets in Resources */ = {isa = PBXBuildFile; fileRef = 5A59E5C12647D8A50045365A /* Assets.xcassets */; };
		5A59E5C52647D8A50045365A /* LaunchScreen.storyboard in Resources */ = {isa = PBXBuildFile; fileRef = 5A59E5C32647D8A50045365A /* LaunchScreen.storyboard */; };
		5A59E5D02647D8A60045365A /* CalculatorTests.swift in Sources */ = {isa = PBXBuildFile; fileRef = 5A59E5CF2647D8A60045365A /* CalculatorTests.swift */; };
		5A59E5DB2647D8A60045365A /* CalculatorUITests.swift in Sources */ = {isa = PBXBuildFile; fileRef = 5A59E5DA2647D8A60045365A /* CalculatorUITests.swift */; };
/* End PBXBuildFile section */

/* Begin PBXContainerItemProxy section */
		5A59E5CC2647D8A60045365A /* PBXContainerItemProxy */ = {
			isa = PBXContainerItemProxy;
			containerPortal = 5A59E5AD2647D89D0045365A /* Project object */;
			proxyType = 1;
			remoteGlobalIDString = 5A59E5B42647D89D0045365A;
			remoteInfo = Calculator;
		};
		5A59E5D72647D8A60045365A /* PBXContainerItemProxy */ = {
			isa = PBXContainerItemProxy;
			containerPortal = 5A59E5AD2647D89D0045365A /* Project object */;
			proxyType = 1;
			remoteGlobalIDString = 5A59E5B42647D89D0045365A;
			remoteInfo = Calculator;
		};
/* End PBXContainerItemProxy section */

/* Begin PBXFileReference section */
		5A59E5B52647D89D0045365A /* Calculator.app */ = {isa = PBXFileReference; explicitFileType = wrapper.application; includeInIndex = 0; path = Calculator.app; sourceTree = BUILT_PRODUCTS_DIR; };
		5A59E5B82647D89D0045365A /* AppDelegate.swift */ = {isa = PBXFileReference; lastKnownFileType = sourcecode.swift; path = AppDelegate.swift; sourceTree = "<group>"; };
		5A59E5BA2647D89D0045365A /* SceneDelegate.swift */ = {isa = PBXFileReference; lastKnownFileType = sourcecode.swift; path = SceneDelegate.swift; sourceTree = "<group>"; };
		5A59E5BC2647D89D0045365A /* ViewController.swift */ = {isa = PBXFileReference; lastKnownFileType = sourcecode.swift; path = ViewController.swift; sourceTree = "<group>"; };
		5A59E5BF2647D89D0045365A /* Base */ = {isa = PBXFileReference; lastKnownFileType = file.storyboard; name = Base; path = Base.lproj/Main.storyboard; sourceTree = "<group>"; };
		5A59E5C12647D8A50045365A /* Assets.xcassets */ = {isa = PBXFileReference; lastKnownFileType = folder.assetcatalog; path = Assets.xcassets; sourceTree = "<group>"; };
		5A59E5C42647D8A50045365A /* Base */ = {isa = PBXFileReference; lastKnownFileType = file.storyboard; name = Base; path = Base.lproj/LaunchScreen.storyboard; sourceTree = "<group>"; };
		5A59E5C62647D8A50045365A /* Info.plist */ = {isa = PBXFileReference; lastKnownFileType = text.plist.xml; path = Info.plist; sourceTree = "<group>"; };
		5A59E5CB2647D8A60045365A /* CalculatorTests.xctest */ = {isa = PBXFileReference; explicitFileType = wrapper.cfbundle; includeInIndex = 0; path = CalculatorTests.xctest; sourceTree = BUILT_PRODUCTS_DIR; };
		5A59E5CF2647D8A60045365A /* CalculatorTests.swift */ = {isa = PBXFileReference; lastKnownFileType = sourcecode.swift; path = CalculatorTests.swift; sourceTree = "<group>"; };
		5A59E5D12647D8A60045365A /* Info.plist */ = {isa = PBXFileReference; lastKnownFileType = text.plist.xml; path = Info.plist; sourceTree = "<group>"; };
		5A59E5D62647D8A60045365A /* CalculatorUITests.xctest */ = {isa = PBXFileReference; explicitFileType = wrapper.cfbundle; includeInIndex = 0; path = CalculatorUITests.xctest; sourceTree = BUILT_PRODUCTS_DIR; };
		5A59E5DA2647D8A60045365A /* CalculatorUITests.swift */ = {isa = PBXFileReference; lastKnownFileType = sourcecode.swift; path = CalculatorUITests.swift; sourceTree = "<group>"; };
		5A59E5DC2647D8A60045365A /* Info.plist */ = {isa = PBXFileReference; lastKnownFileType = text.plist.xml; path = Info.plist; sourceTree = "<group>"; };
/* End PBXFileReference section */

/* Begin PBXFrameworksBuildPhase section */
		5A59E5B22647D89D0045365A /* Frameworks */ = {
			isa = PBXFrameworksBuildPhase;
			buildActionMask = 2147483647;
			files = (
			);
			runOnlyForDeploymentPostprocessing = 0;
		};
		5A59E5C82647D8A50045365A /* Frameworks */ = {
			isa = PBXFrameworksBuildPhase;
			buildActionMask = 2147483647;
			files = (
			);
			runOnlyForDeploymentPostprocessing = 0;
		};
		5A59E5D32647D8A60045365A /* Frameworks */ = {
			isa = PBXFrameworksBuildPhase;
			buildActionMask = 2147483647;
			files = (
			);
			runOnlyForDeploymentPostprocessing = 0;
		};
/* End PBXFrameworksBuildPhase section */

/* Begin PBXGroup section */
		5A59E5AC2647D89D0045365A = {
			isa = PBXGroup;
			children = (
				5A59E5B72647D89D0045365A /* Calculator */,
				5A59E5CE2647D8A60045365A /* CalculatorTests */,
				5A59E5D92647D8A60045365A /* CalculatorUITests */,
				5A59E5B62647D89D0045365A /* Products */,
			);
			sourceTree = "<group>";
		};
		5A59E5B62647D89D0045365A /* Products */ = {
			isa = PBXGroup;
			children = (
				5A59E5B52647D89D0045365A /* Calculator.app */,
				5A59E5CB2647D8A60045365A /* CalculatorTests.xctest */,
				5A59E5D62647D8A60045365A /* CalculatorUITests.xctest */,
			);
			name = Products;
			sourceTree = "<group>";
		};
		5A59E5B72647D89D0045365A /* Calculator */ = {
			isa = PBXGroup;
			children = (
				5A59E5B82647D89D0045365A /* AppDelegate.swift */,
				5A59E5BA2647D89D0045365A /* SceneDelegate.swift */,
				5A59E5BC2647D89D0045365A /* ViewController.swift */,
				5A59E5BE2647D89D0045365A /* Main.storyboard */,
				5A59E5C12647D8A50045365A /* Assets.xcassets */,
				5A59E5C32647D8A50045365A /* LaunchScreen.storyboard */,
				5A59E5C62647D8A50045365A /* Info.plist */,
			);
			path = Calculator;
			sourceTree = "<group>";
		};
		5A59E5CE2647D8A60045365A /* CalculatorTests */ = {
			isa = PBXGroup;
			children = (
				5A59E5CF2647D8A60045365A /* CalculatorTests.swift */,
				5A59E5D12647D8A60045365A /* Info.plist */,
			);
			path = CalculatorTests;
			sourceTree = "<group>";
		};
		5A59E5D92647D8A60045365A /* CalculatorUITests */ = {
			isa = PBXGroup;
			children = (
				5A59E5DA2647D8A60045365A /* CalculatorUITests.swift */,
				5A59E5DC2647D8A60045365A /* Info.plist */,
			);
			path = CalculatorUITests;
			sourceTree = "<group>";
		};
/* End PBXGroup section */

/* Begin PBXNativeTarget section */
		5A59E5B42647D89D0045365A /* Calculator */ = {
			isa = PBXNativeTarget;
			buildConfigurationList = 5A59E5DF2647D8A60045365A /* Build configuration list for PBXNativeTarget "Calculator" */;
			buildPhases = (
				5A59E5B12647D89D0045365A /* Sources */,
				5A59E5B22647D89D0045365A /* Frameworks */,
				5A59E5B32647D89D0045365A /* Resources */,
			);
			buildRules = (
			);
			dependencies = (
			);
			name = Calculator;
			productName = Calculator;
			productReference = 5A59E5B52647D89D0045365A /* Calculator.app */;
			productType = "com.apple.product-type.application";
		};
		5A59E5CA2647D8A50045365A /* CalculatorTests */ = {
			isa = PBXNativeTarget;
			buildConfigurationList = 5A59E5E22647D8A60045365A /* Build configuration list for PBXNativeTarget "CalculatorTests" */;
			buildPhases = (
				5A59E5C72647D8A50045365A /* Sources */,
				5A59E5C82647D8A50045365A /* Frameworks */,
				5A59E5C92647D8A50045365A /* Resources */,
			);
			buildRules = (
			);
			dependencies = (
				5A59E5CD2647D8A60045365A /* PBXTargetDependency */,
			);
			name = CalculatorTests;
			productName = CalculatorTests;
			productReference = 5A59E5CB2647D8A60045365A /* CalculatorTests.xctest */;
			productType = "com.apple.product-type.bundle.unit-test";
		};
		5A59E5D52647D8A60045365A /* CalculatorUITests */ = {
			isa = PBXNativeTarget;
			buildConfigurationList = 5A59E5E52647D8A60045365A /* Build configuration list for PBXNativeTarget "CalculatorUITests" */;
			buildPhases = (
				5A59E5D22647D8A60045365A /* Sources */,
				5A59E5D32647D8A60045365A /* Frameworks */,
				5A59E5D42647D8A60045365A /* Resources */,
			);
			buildRules = (
			);
			dependencies = (
				5A59E5D82647D8A60045365A /* PBXTargetDependency */,
			);
			name = CalculatorUITests;
			productName = CalculatorUITests;
			productReference = 5A59E5D62647D8A60045365A /* CalculatorUITests.xctest */;
			productType = "com.apple.product-type.bundle.ui-testing";
		};
/* End PBXNativeTarget section */

/* Begin PBXProject section */
		5A59E5AD2647D89D0045365A /* Project object */ = {
			isa = PBXProject;
			attributes = {
				LastSwiftUpdateCheck = 1250;
				LastUpgradeCheck = 1250;
				TargetAttributes = {
					5A59E5B42647D89D0045365A = {
						CreatedOnToolsVersion = 12.5;
					};
					5A59E5CA2647D8A50045365A = {
						CreatedOnToolsVersion = 12.5;
						TestTargetID = 5A59E5B42647D89D0045365A;
					};
					5A59E5D52647D8A60045365A = {
						CreatedOnToolsVersion = 12.5;
						TestTargetID = 5A59E5B42647D89D0045365A;
					};
				};
			};
			buildConfigurationList = 5A59E5B02647D89D0045365A /* Build configuration list for PBXProject "Calculator" */;
			compatibilityVersion = "Xcode 9.3";
			developmentRegion = en;
			hasScannedForEncodings = 0;
			knownRegions = (
				en,
				Base,
			);
			mainGroup = 5A59E5AC2647D89D0045365A;
			productRefGroup = 5A59E5B62647D89D0045365A /* Products */;
			projectDirPath = "";
			projectRoot = "";
			targets = (
				5A59E5B42647D89D0045365A /* Calculator */,
				5A59E5CA2647D8A50045365A /* CalculatorTests */,
				5A59E5D52647D8A60045365A /* CalculatorUITests */,
			);
		};
/* End PBXProject section */

/* Begin PBXResourcesBuildPhase section */
		5A59E5B32647D89D0045365A /* Resources */ = {
			isa = PBXResourcesBuildPhase;
			buildActionMask = 2147483647;
			files = (
				5A59E5C52647D8A50045365A /* LaunchScreen.storyboard in Resources */,
				5A59E5C22647D8A50045365A /* Assets.xcassets in Resources */,
				5A59E5C02647D89D0045365A /* Main.storyboard in Resources */,
			);
			runOnlyForDeploymentPostprocessing = 0;
		};
		5A59E5C92647D8A50045365A /* Resources */ = {
			isa = PBXResourcesBuildPhase;
			buildActionMask = 2147483647;
			files = (
			);
			runOnlyForDeploymentPostprocessing = 0;
		};
		5A59E5D42647D8A60045365A /* Resources */ = {
			isa = PBXResourcesBuildPhase;
			buildActionMask = 2147483647;
			files = (
			);
			runOnlyForDeploymentPostprocessing = 0;
		};
/* End PBXResourcesBuildPhase section */

/* Begin PBXSourcesBuildPhase section */
		5A59E5B12647D89D0045365A /* Sources */ = {
			isa = PBXSourcesBuildPhase;
			buildActionMask = 2147483647;
			files = (
				5A59E5BD2647D89D0045365A /* ViewController.swift in Sources */,
				5A59E5B92647D89D0045365A /* AppDelegate.swift in Sources */,
				5A59E5BB2647D89D0045365A /* SceneDelegate.swift in Sources */,
			);
			runOnlyForDeploymentPostprocessing = 0;
		};
		5A59E5C72647D8A50045365A /* Sources */ = {
			isa = PBXSourcesBuildPhase;
			buildActionMask = 2147483647;
			files = (
				5A59E5D02647D8A60045365A /* CalculatorTests.swift in Sources */,
			);
			runOnlyForDeploymentPostprocessing = 0;
		};
		5A59E5D22647D8A60045365A /* Sources */ = {
			isa = PBXSourcesBuildPhase;
			buildActionMask = 2147483647;
			files = (
				5A59E5DB2647D8A60045365A /* CalculatorUITests.swift in Sources */,
			);
			runOnlyForDeploymentPostprocessing = 0;
		};
/* End PBXSourcesBuildPhase section */

/* Begin PBXTargetDependency section */
		5A59E5CD2647D8A60045365A /* PBXTargetDependency */ = {
			isa = PBXTargetDependency;
			target = 5A59E5B42647D89D0045365A /* Calculator */;
			targetProxy = 5A59E5CC2647D8A60045365A /* PBXContainerItemProxy */;
		};
		5A59E5D82647D8A60045365A /* PBXTargetDependency */ = {
			isa = PBXTargetDependency;
			target = 5A59E5B42647D89D0045365A /* Calculator */;
			targetProxy = 5A59E5D72647D8A60045365A /* PBXContainerItemProxy */;
		};
/* End PBXTargetDependency section */

/* Begin PBXVariantGroup section */
		5A59E5BE2647D89D0045365A /* Main.storyboard */ = {
			isa = PBXVariantGroup;
			children = (
				5A59E5BF2647D89D0045365A /* Base */,
			);
			name = Main.storyboard;
			sourceTree = "<group>";
		};
		5A59E5C32647D8A50045365A /* LaunchScreen.storyboard */ = {
			isa = PBXVariantGroup;
			children = (
				5A59E5C42647D8A50045365A /* Base */,
			);
			name = LaunchScreen.storyboard;
			sourceTree = "<group>";
		};
/* End PBXVariantGroup section */

/* Begin XCBuildConfiguration section */
		5A59E5DD2647D8A60045365A /* Debug */ = {
			isa = XCBuildConfiguration;
			buildSettings = {
				ALWAYS_SEARCH_USER_PATHS = NO;
				CLANG_ANALYZER_NONNULL = YES;
				CLANG_ANALYZER_NUMBER_OBJECT_CONVERSION = YES_AGGRESSIVE;
				CLANG_CXX_LANGUAGE_STANDARD = "gnu++14";
				CLANG_CXX_LIBRARY = "libc++";
				CLANG_ENABLE_MODULES = YES;
				CLANG_ENABLE_OBJC_ARC = YES;
				CLANG_ENABLE_OBJC_WEAK = YES;
				CLANG_WARN_BLOCK_CAPTURE_AUTORELEASING = YES;
				CLANG_WARN_BOOL_CONVERSION = YES;
				CLANG_WARN_COMMA = YES;
				CLANG_WARN_CONSTANT_CONVERSION = YES;
				CLANG_WARN_DEPRECATED_OBJC_IMPLEMENTATIONS = YES;
				CLANG_WARN_DIRECT_OBJC_ISA_USAGE = YES_ERROR;
				CLANG_WARN_DOCUMENTATION_COMMENTS = YES;
				CLANG_WARN_EMPTY_BODY = YES;
				CLANG_WARN_ENUM_CONVERSION = YES;
				CLANG_WARN_INFINITE_RECURSION = YES;
				CLANG_WARN_INT_CONVERSION = YES;
				CLANG_WARN_NON_LITERAL_NULL_CONVERSION = YES;
				CLANG_WARN_OBJC_IMPLICIT_RETAIN_SELF = YES;
				CLANG_WARN_OBJC_LITERAL_CONVERSION = YES;
				CLANG_WARN_OBJC_ROOT_CLASS = YES_ERROR;
				CLANG_WARN_QUOTED_INCLUDE_IN_FRAMEWORK_HEADER = YES;
				CLANG_WARN_RANGE_LOOP_ANALYSIS = YES;
				CLANG_WARN_STRICT_PROTOTYPES = YES;
				CLANG_WARN_SUSPICIOUS_MOVE = YES;
				CLANG_WARN_UNGUARDED_AVAILABILITY = YES_AGGRESSIVE;
				CLANG_WARN_UNREACHABLE_CODE = YES;
				CLANG_WARN__DUPLICATE_METHOD_MATCH = YES;
				COPY_PHASE_STRIP = NO;
				DEBUG_INFORMATION_FORMAT = dwarf;
				ENABLE_STRICT_OBJC_MSGSEND = YES;
				ENABLE_TESTABILITY = YES;
				GCC_C_LANGUAGE_STANDARD = gnu11;
				GCC_DYNAMIC_NO_PIC = NO;
				GCC_NO_COMMON_BLOCKS = YES;
				GCC_OPTIMIZATION_LEVEL = 0;
				GCC_PREPROCESSOR_DEFINITIONS = (
					"DEBUG=1",
					"$(inherited)",
				);
				GCC_WARN_64_TO_32_BIT_CONVERSION = YES;
				GCC_WARN_ABOUT_RETURN_TYPE = YES_ERROR;
				GCC_WARN_UNDECLARED_SELECTOR = YES;
				GCC_WARN_UNINITIALIZED_AUTOS = YES_AGGRESSIVE;
				GCC_WARN_UNUSED_FUNCTION = YES;
				GCC_WARN_UNUSED_VARIABLE = YES;
				IPHONEOS_DEPLOYMENT_TARGET = 14.5;
				MTL_ENABLE_DEBUG_INFO = INCLUDE_SOURCE;
				MTL_FAST_MATH = YES;
				ONLY_ACTIVE_ARCH = YES;
				SDKROOT = iphoneos;
				SWIFT_ACTIVE_COMPILATION_CONDITIONS = DEBUG;
				SWIFT_OPTIMIZATION_LEVEL = "-Onone";
			};
			name = Debug;
		};
		5A59E5DE2647D8A60045365A /* Release */ = {
			isa = XCBuildConfiguration;
			buildSettings = {
				ALWAYS_SEARCH_USER_PATHS = NO;
				CLANG_ANALYZER_NONNULL = YES;
				CLANG_ANALYZER_NUMBER_OBJECT_CONVERSION = YES_AGGRESSIVE;
				CLANG_CXX_LANGUAGE_STANDARD = "gnu++14";
				CLANG_CXX_LIBRARY = "libc++";
				CLANG_ENABLE_MODULES = YES;
				CLANG_ENABLE_OBJC_ARC = YES;
				CLANG_ENABLE_OBJC_WEAK = YES;
				CLANG_WARN_BLOCK_CAPTURE_AUTORELEASING = YES;
				CLANG_WARN_BOOL_CONVERSION = YES;
				CLANG_WARN_COMMA = YES;
				CLANG_WARN_CONSTANT_CONVERSION = YES;
				CLANG_WARN_DEPRECATED_OBJC_IMPLEMENTATIONS = YES;
				CLANG_WARN_DIRECT_OBJC_ISA_USAGE = YES_ERROR;
				CLANG_WARN_DOCUMENTATION_COMMENTS = YES;
				CLANG_WARN_EMPTY_BODY = YES;
				CLANG_WARN_ENUM_CONVERSION = YES;
				CLANG_WARN_INFINITE_RECURSION = YES;
				CLANG_WARN_INT_CONVERSION = YES;
				CLANG_WARN_NON_LITERAL_NULL_CONVERSION = YES;
				CLANG_WARN_OBJC_IMPLICIT_RETAIN_SELF = YES;
				CLANG_WARN_OBJC_LITERAL_CONVERSION = YES;
				CLANG_WARN_OBJC_ROOT_CLASS = YES_ERROR;
				CLANG_WARN_QUOTED_INCLUDE_IN_FRAMEWORK_HEADER = YES;
				CLANG_WARN_RANGE_LOOP_ANALYSIS = YES;
				CLANG_WARN_STRICT_PROTOTYPES = YES;
				CLANG_WARN_SUSPICIOUS_MOVE = YES;
				CLANG_WARN_UNGUARDED_AVAILABILITY = YES_AGGRESSIVE;
				CLANG_WARN_UNREACHABLE_CODE = YES;
				CLANG_WARN__DUPLICATE_METHOD_MATCH = YES;
				COPY_PHASE_STRIP = NO;
				DEBUG_INFORMATION_FORMAT = "dwarf-with-dsym";
				ENABLE_NS_ASSERTIONS = NO;
				ENABLE_STRICT_OBJC_MSGSEND = YES;
				GCC_C_LANGUAGE_STANDARD = gnu11;
				GCC_NO_COMMON_BLOCKS = YES;
				GCC_WARN_64_TO_32_BIT_CONVERSION = YES;
				GCC_WARN_ABOUT_RETURN_TYPE = YES_ERROR;
				GCC_WARN_UNDECLARED_SELECTOR = YES;
				GCC_WARN_UNINITIALIZED_AUTOS = YES_AGGRESSIVE;
				GCC_WARN_UNUSED_FUNCTION = YES;
				GCC_WARN_UNUSED_VARIABLE = YES;
				IPHONEOS_DEPLOYMENT_TARGET = 14.5;
				MTL_ENABLE_DEBUG_INFO = NO;
				MTL_FAST_MATH = YES;
				SDKROOT = iphoneos;
				SWIFT_COMPILATION_MODE = wholemodule;
				SWIFT_OPTIMIZATION_LEVEL = "-O";
				VALIDATE_PRODUCT = YES;
			};
			name = Release;
		};
		5A59E5E02647D8A60045365A /* Debug */ = {
			isa = XCBuildConfiguration;
			buildSettings = {
				ASSETCATALOG_COMPILER_APPICON_NAME = AppIcon;
				ASSETCATALOG_COMPILER_GLOBAL_ACCENT_COLOR_NAME = AccentColor;
				CODE_SIGN_STYLE = Automatic;
				INFOPLIST_FILE = Calculator/Info.plist;
				LD_RUNPATH_SEARCH_PATHS = (
					"$(inherited)",
					"@executable_path/Frameworks",
				);
				PRODUCT_BUNDLE_IDENTIFIER = app.kawano.com.Calculator;
				PRODUCT_NAME = "$(TARGET_NAME)";
				SWIFT_VERSION = 5.0;
				TARGETED_DEVICE_FAMILY = "1,2";
			};
			name = Debug;
		};
		5A59E5E12647D8A60045365A /* Release */ = {
			isa = XCBuildConfiguration;
			buildSettings = {
				ASSETCATALOG_COMPILER_APPICON_NAME = AppIcon;
				ASSETCATALOG_COMPILER_GLOBAL_ACCENT_COLOR_NAME = AccentColor;
				CODE_SIGN_STYLE = Automatic;
				INFOPLIST_FILE = Calculator/Info.plist;
				LD_RUNPATH_SEARCH_PATHS = (
					"$(inherited)",
					"@executable_path/Frameworks",
				);
				PRODUCT_BUNDLE_IDENTIFIER = app.kawano.com.Calculator;
				PRODUCT_NAME = "$(TARGET_NAME)";
				SWIFT_VERSION = 5.0;
				TARGETED_DEVICE_FAMILY = "1,2";
			};
			name = Release;
		};
		5A59E5E32647D8A60045365A /* Debug */ = {
			isa = XCBuildConfiguration;
			buildSettings = {
				ALWAYS_EMBED_SWIFT_STANDARD_LIBRARIES = YES;
				BUNDLE_LOADER = "$(TEST_HOST)";
				CODE_SIGN_STYLE = Automatic;
				INFOPLIST_FILE = CalculatorTests/Info.plist;
				IPHONEOS_DEPLOYMENT_TARGET = 14.5;
				LD_RUNPATH_SEARCH_PATHS = (
					"$(inherited)",
					"@executable_path/Frameworks",
					"@loader_path/Frameworks",
				);
				PRODUCT_BUNDLE_IDENTIFIER = app.kawano.com.CalculatorTests;
				PRODUCT_NAME = "$(TARGET_NAME)";
				SWIFT_VERSION = 5.0;
				TARGETED_DEVICE_FAMILY = "1,2";
				TEST_HOST = "$(BUILT_PRODUCTS_DIR)/Calculator.app/Calculator";
			};
			name = Debug;
		};
		5A59E5E42647D8A60045365A /* Release */ = {
			isa = XCBuildConfiguration;
			buildSettings = {
				ALWAYS_EMBED_SWIFT_STANDARD_LIBRARIES = YES;
				BUNDLE_LOADER = "$(TEST_HOST)";
				CODE_SIGN_STYLE = Automatic;
				INFOPLIST_FILE = CalculatorTests/Info.plist;
				IPHONEOS_DEPLOYMENT_TARGET = 14.5;
				LD_RUNPATH_SEARCH_PATHS = (
					"$(inherited)",
					"@executable_path/Frameworks",
					"@loader_path/Frameworks",
				);
				PRODUCT_BUNDLE_IDENTIFIER = app.kawano.com.CalculatorTests;
				PRODUCT_NAME = "$(TARGET_NAME)";
				SWIFT_VERSION = 5.0;
				TARGETED_DEVICE_FAMILY = "1,2";
				TEST_HOST = "$(BUILT_PRODUCTS_DIR)/Calculator.app/Calculator";
			};
			name = Release;
		};
		5A59E5E62647D8A60045365A /* Debug */ = {
			isa = XCBuildConfiguration;
			buildSettings = {
				ALWAYS_EMBED_SWIFT_STANDARD_LIBRARIES = YES;
				CODE_SIGN_STYLE = Automatic;
				INFOPLIST_FILE = CalculatorUITests/Info.plist;
				LD_RUNPATH_SEARCH_PATHS = (
					"$(inherited)",
					"@executable_path/Frameworks",
					"@loader_path/Frameworks",
				);
				PRODUCT_BUNDLE_IDENTIFIER = app.kawano.com.CalculatorUITests;
				PRODUCT_NAME = "$(TARGET_NAME)";
				SWIFT_VERSION = 5.0;
				TARGETED_DEVICE_FAMILY = "1,2";
				TEST_TARGET_NAME = Calculator;
			};
			name = Debug;
		};
		5A59E5E72647D8A60045365A /* Release */ = {
			isa = XCBuildConfiguration;
			buildSettings = {
				ALWAYS_EMBED_SWIFT_STANDARD_LIBRARIES = YES;
				CODE_SIGN_STYLE = Automatic;
				INFOPLIST_FILE = CalculatorUITests/Info.plist;
				LD_RUNPATH_SEARCH_PATHS = (
					"$(inherited)",
					"@executable_path/Frameworks",
					"@loader_path/Frameworks",
				);
				PRODUCT_BUNDLE_IDENTIFIER = app.kawano.com.CalculatorUITests;
				PRODUCT_NAME = "$(TARGET_NAME)";
				SWIFT_VERSION = 5.0;
				TARGETED_DEVICE_FAMILY = "1,2";
				TEST_TARGET_NAME = Calculator;
			};
			name = Release;
		};
/* End XCBuildConfiguration section */

/* Begin XCConfigurationList section */
		5A59E5B02647D89D0045365A /* Build configuration list for PBXProject "Calculator" */ = {
			isa = XCConfigurationList;
			buildConfigurations = (
				5A59E5DD2647D8A60045365A /* Debug */,
				5A59E5DE2647D8A60045365A /* Release */,
			);
			defaultConfigurationIsVisible = 0;
			defaultConfigurationName = Release;
		};
		5A59E5DF2647D8A60045365A /* Build configuration list for PBXNativeTarget "Calculator" */ = {
			isa = XCConfigurationList;
			buildConfigurations = (
				5A59E5E02647D8A60045365A /* Debug */,
				5A59E5E12647D8A60045365A /* Release */,
			);
			defaultConfigurationIsVisible = 0;
			defaultConfigurationName = Release;
		};
		5A59E5E22647D8A60045365A /* Build configuration list for PBXNativeTarget "CalculatorTests" */ = {
			isa = XCConfigurationList;
			buildConfigurations = (
				5A59E5E32647D8A60045365A /* Debug */,
				5A59E5E42647D8A60045365A /* Release */,
			);
			defaultConfigurationIsVisible = 0;
			defaultConfigurationName = Release;
		};
		5A59E5E52647D8A60045365A /* Build configuration list for PBXNativeTarget "CalculatorUITests" */ = {
			isa = XCConfigurationList;
			buildConfigurations = (
				5A59E5E62647D8A60045365A /* Debug */,
				5A59E5E72647D8A60045365A /* Release */,
			);
			defaultConfigurationIsVisible = 0;
			defaultConfigurationName = Release;
		};
/* End XCConfigurationList section */
	};
	rootObject = 5A59E5AD2647D89D0045365A /* Project object */;
}
